{
  "lockfileVersion": 1,
  "workspaces": {
    "": {
      "name": "sah-in-aja",
      "dependencies": {
        "react": "^19.2.0",
        "react-dom": "^19.2.0",
      },
      "devDependencies": {
        "@biomejs/biome": "^2.3.8",
        "@ianvs/prettier-plugin-sort-imports": "^4.7.0",
        "@rsbuild/core": "^1.6.11",
        "@rsbuild/plugin-react": "^1.4.2",
        "@types/node": "^24.10.1",
        "@types/react": "^19.2.7",
        "@types/react-dom": "^19.2.3",
        "prettier": "^3.7.3",
        "prettier-plugin-tailwindcss": "^0.7.1",
        "typescript": "^5.9.3",
      },
    },
  },
  "trustedDependencies": [
    "core-js",
  ],
  "packages": {
    "@babel/code-frame": ["@babel/code-frame@7.27.1", "", { "dependencies": { "@babel/helper-validator-identifier": "^7.27.1", "js-tokens": "^4.0.0", "picocolors": "^1.1.1" } }, "sha512-cjQ7ZlQ0Mv3b47hABuTevyTuYN4i+loJKGeV9flcCgIK37cCXRh+L1bd3iBHlynerhQ7BhCkn2BPbQUL+rGqFg=="],

    "@babel/generator": ["@babel/generator@7.28.5", "", { "dependencies": { "@babel/parser": "^7.28.5", "@babel/types": "^7.28.5", "@jridgewell/gen-mapping": "^0.3.12", "@jridgewell/trace-mapping": "^0.3.28", "jsesc": "^3.0.2" } }, "sha512-3EwLFhZ38J4VyIP6WNtt2kUdW9dokXA9Cr4IVIFHuCpZ3H8/YFOl5JjZHisrn1fATPBmKKqXzDFvh9fUwHz6CQ=="],

    "@babel/helper-globals": ["@babel/helper-globals@7.28.0", "", {}, "sha512-+W6cISkXFa1jXsDEdYA8HeevQT/FULhxzR99pxphltZcVaugps53THCeiWA8SguxxpSp3gKPiuYfSWopkLQ4hw=="],

    "@babel/helper-string-parser": ["@babel/helper-string-parser@7.27.1", "", {}, "sha512-qMlSxKbpRlAridDExk92nSobyDdpPijUq2DW6oDnUqd0iOGxmQjyqhMIihI9+zv4LPyZdRje2cavWPbCbWm3eA=="],

    "@babel/helper-validator-identifier": ["@babel/helper-validator-identifier@7.28.5", "", {}, "sha512-qSs4ifwzKJSV39ucNjsvc6WVHs6b7S03sOh2OcHF9UHfVPqWWALUsNUVzhSBiItjRZoLHx7nIarVjqKVusUZ1Q=="],

    "@babel/parser": ["@babel/parser@7.28.5", "", { "dependencies": { "@babel/types": "^7.28.5" }, "bin": "./bin/babel-parser.js" }, "sha512-KKBU1VGYR7ORr3At5HAtUQ+TV3SzRCXmA/8OdDZiLDBIZxVyzXuztPjfLd3BV1PRAQGCMWWSHYhL0F8d5uHBDQ=="],

    "@babel/template": ["@babel/template@7.27.2", "", { "dependencies": { "@babel/code-frame": "^7.27.1", "@babel/parser": "^7.27.2", "@babel/types": "^7.27.1" } }, "sha512-LPDZ85aEJyYSd18/DkjNh4/y1ntkE5KwUHWTiqgRxruuZL2F1yuHligVHLvcHY2vMHXttKFpJn6LwfI7cw7ODw=="],

    "@babel/traverse": ["@babel/traverse@7.28.5", "", { "dependencies": { "@babel/code-frame": "^7.27.1", "@babel/generator": "^7.28.5", "@babel/helper-globals": "^7.28.0", "@babel/parser": "^7.28.5", "@babel/template": "^7.27.2", "@babel/types": "^7.28.5", "debug": "^4.3.1" } }, "sha512-TCCj4t55U90khlYkVV/0TfkJkAkUg3jZFA3Neb7unZT8CPok7iiRfaX0F+WnqWqt7OxhOn0uBKXCw4lbL8W0aQ=="],

    "@babel/types": ["@babel/types@7.28.5", "", { "dependencies": { "@babel/helper-string-parser": "^7.27.1", "@babel/helper-validator-identifier": "^7.28.5" } }, "sha512-qQ5m48eI/MFLQ5PxQj4PFaprjyCTLI37ElWMmNs0K8Lk3dVeOdNpB3ks8jc7yM5CDmVC73eMVk/trk3fgmrUpA=="],

    "@biomejs/biome": ["@biomejs/biome@2.3.8", "", { "optionalDependencies": { "@biomejs/cli-darwin-arm64": "2.3.8", "@biomejs/cli-darwin-x64": "2.3.8", "@biomejs/cli-linux-arm64": "2.3.8", "@biomejs/cli-linux-arm64-musl": "2.3.8", "@biomejs/cli-linux-x64": "2.3.8", "@biomejs/cli-linux-x64-musl": "2.3.8", "@biomejs/cli-win32-arm64": "2.3.8", "@biomejs/cli-win32-x64": "2.3.8" }, "bin": { "biome": "bin/biome" } }, "sha512-Qjsgoe6FEBxWAUzwFGFrB+1+M8y/y5kwmg5CHac+GSVOdmOIqsAiXM5QMVGZJ1eCUCLlPZtq4aFAQ0eawEUuUA=="],

    "@biomejs/cli-darwin-arm64": ["@biomejs/cli-darwin-arm64@2.3.8", "", { "os": "darwin", "cpu": "arm64" }, "sha512-HM4Zg9CGQ3txTPflxD19n8MFPrmUAjaC7PQdLkugeeC0cQ+PiVrd7i09gaBS/11QKsTDBJhVg85CEIK9f50Qww=="],

    "@biomejs/cli-darwin-x64": ["@biomejs/cli-darwin-x64@2.3.8", "", { "os": "darwin", "cpu": "x64" }, "sha512-lUDQ03D7y/qEao7RgdjWVGCu+BLYadhKTm40HkpJIi6kn8LSv5PAwRlew/DmwP4YZ9ke9XXoTIQDO1vAnbRZlA=="],

    "@biomejs/cli-linux-arm64": ["@biomejs/cli-linux-arm64@2.3.8", "", { "os": "linux", "cpu": "arm64" }, "sha512-Uo1OJnIkJgSgF+USx970fsM/drtPcQ39I+JO+Fjsaa9ZdCN1oysQmy6oAGbyESlouz+rzEckLTF6DS7cWse95g=="],

    "@biomejs/cli-linux-arm64-musl": ["@biomejs/cli-linux-arm64-musl@2.3.8", "", { "os": "linux", "cpu": "arm64" }, "sha512-PShR4mM0sjksUMyxbyPNMxoKFPVF48fU8Qe8Sfx6w6F42verbwRLbz+QiKNiDPRJwUoMG1nPM50OBL3aOnTevA=="],

    "@biomejs/cli-linux-x64": ["@biomejs/cli-linux-x64@2.3.8", "", { "os": "linux", "cpu": "x64" }, "sha512-QDPMD5bQz6qOVb3kiBui0zKZXASLo0NIQ9JVJio5RveBEFgDgsvJFUvZIbMbUZT3T00M/1wdzwWXk4GIh0KaAw=="],

    "@biomejs/cli-linux-x64-musl": ["@biomejs/cli-linux-x64-musl@2.3.8", "", { "os": "linux", "cpu": "x64" }, "sha512-YGLkqU91r1276uwSjiUD/xaVikdxgV1QpsicT0bIA1TaieM6E5ibMZeSyjQ/izBn4tKQthUSsVZacmoJfa3pDA=="],

    "@biomejs/cli-win32-arm64": ["@biomejs/cli-win32-arm64@2.3.8", "", { "os": "win32", "cpu": "arm64" }, "sha512-H4IoCHvL1fXKDrTALeTKMiE7GGWFAraDwBYFquE/L/5r1927Te0mYIGseXi4F+lrrwhSWbSGt5qPFswNoBaCxg=="],

    "@biomejs/cli-win32-x64": ["@biomejs/cli-win32-x64@2.3.8", "", { "os": "win32", "cpu": "x64" }, "sha512-RguzimPoZWtBapfKhKjcWXBVI91tiSprqdBYu7tWhgN8pKRZhw24rFeNZTNf6UiBfjCYCi9eFQs/JzJZIhuK4w=="],

    "@emnapi/core": ["@emnapi/core@1.7.1", "", { "dependencies": { "@emnapi/wasi-threads": "1.1.0", "tslib": "^2.4.0" } }, "sha512-o1uhUASyo921r2XtHYOHy7gdkGLge8ghBEQHMWmyJFoXlpU58kIrhhN3w26lpQb6dspetweapMn2CSNwQ8I4wg=="],

    "@emnapi/runtime": ["@emnapi/runtime@1.7.1", "", { "dependencies": { "tslib": "^2.4.0" } }, "sha512-PVtJr5CmLwYAU9PZDMITZoR5iAOShYREoR45EyyLrbntV50mdePTgUn4AmOw90Ifcj+x2kRjdzr1HP3RrNiHGA=="],

    "@emnapi/wasi-threads": ["@emnapi/wasi-threads@1.1.0", "", { "dependencies": { "tslib": "^2.4.0" } }, "sha512-WI0DdZ8xFSbgMjR1sFsKABJ/C5OnRrjT06JXbZKexJGrDuPTzZdDYfFlsgcCXCyf+suG5QU2e/y1Wo2V/OapLQ=="],

    "@ianvs/prettier-plugin-sort-imports": ["@ianvs/prettier-plugin-sort-imports@4.7.0", "", { "dependencies": { "@babel/generator": "^7.26.2", "@babel/parser": "^7.26.2", "@babel/traverse": "^7.25.9", "@babel/types": "^7.26.0", "semver": "^7.5.2" }, "peerDependencies": { "@prettier/plugin-oxc": "^0.0.4", "@vue/compiler-sfc": "2.7.x || 3.x", "content-tag": "^4.0.0", "prettier": "2 || 3 || ^4.0.0-0", "prettier-plugin-ember-template-tag": "^2.1.0" }, "optionalPeers": ["@prettier/plugin-oxc", "@vue/compiler-sfc", "content-tag", "prettier-plugin-ember-template-tag"] }, "sha512-soa2bPUJAFruLL4z/CnMfSEKGznm5ebz29fIa9PxYtu8HHyLKNE1NXAs6dylfw1jn/ilEIfO2oLLN6uAafb7DA=="],

    "@jridgewell/gen-mapping": ["@jridgewell/gen-mapping@0.3.13", "", { "dependencies": { "@jridgewell/sourcemap-codec": "^1.5.0", "@jridgewell/trace-mapping": "^0.3.24" } }, "sha512-2kkt/7niJ6MgEPxF0bYdQ6etZaA+fQvDcLKckhy1yIQOzaoKjBBjSj63/aLVjYE3qhRt5dvM+uUyfCg6UKCBbA=="],

    "@jridgewell/resolve-uri": ["@jridgewell/resolve-uri@3.1.2", "", {}, "sha512-bRISgCIjP20/tbWSPWMEi54QVPRZExkuD9lJL+UIxUKtwVJA8wW1Trb1jMs1RFXo1CBTNZ/5hpC9QvmKWdopKw=="],

    "@jridgewell/sourcemap-codec": ["@jridgewell/sourcemap-codec@1.5.5", "", {}, "sha512-cYQ9310grqxueWbl+WuIUIaiUaDcj7WOq5fVhEljNVgRfOUhY9fy2zTvfoqWsnebh8Sl70VScFbICvJnLKB0Og=="],

    "@jridgewell/trace-mapping": ["@jridgewell/trace-mapping@0.3.31", "", { "dependencies": { "@jridgewell/resolve-uri": "^3.1.0", "@jridgewell/sourcemap-codec": "^1.4.14" } }, "sha512-zzNR+SdQSDJzc8joaeP8QQoCQr8NuYx2dIIytl1QeBEZHJ9uW6hebsrYgbz8hJwUQao3TWCMtmfV8Nu1twOLAw=="],

    "@module-federation/error-codes": ["@module-federation/error-codes@0.21.4", "", {}, "sha512-ClpL5MereWNXh+EgDjz7w4RrC1JlisQTvXDa1gLxpviHafzNDfdViVmuhi9xXVuj+EYo8KU70Y999KHhk9424Q=="],

    "@module-federation/runtime": ["@module-federation/runtime@0.21.4", "", { "dependencies": { "@module-federation/error-codes": "0.21.4", "@module-federation/runtime-core": "0.21.4", "@module-federation/sdk": "0.21.4" } }, "sha512-wgvGqryurVEvkicufJmTG0ZehynCeNLklv8kIk5BLIsWYSddZAE+xe4xov1kgH5fIJQAoQNkRauFFjVNlHoAkA=="],

    "@module-federation/runtime-core": ["@module-federation/runtime-core@0.21.4", "", { "dependencies": { "@module-federation/error-codes": "0.21.4", "@module-federation/sdk": "0.21.4" } }, "sha512-SGpmoOLGNxZofpTOk6Lxb2ewaoz5wMi93AFYuuJB04HTVcngEK+baNeUZ2D/xewrqNIJoMY6f5maUjVfIIBPUA=="],

    "@module-federation/runtime-tools": ["@module-federation/runtime-tools@0.21.4", "", { "dependencies": { "@module-federation/runtime": "0.21.4", "@module-federation/webpack-bundler-runtime": "0.21.4" } }, "sha512-RzFKaL0DIjSmkn76KZRfzfB6dD07cvID84950jlNQgdyoQFUGkqD80L6rIpVCJTY/R7LzR3aQjHnoqmq4JPo3w=="],

    "@module-federation/sdk": ["@module-federation/sdk@0.21.4", "", {}, "sha512-tzvhOh/oAfX++6zCDDxuvioHY4Jurf8vcfoCbKFxusjmyKr32GPbwFDazUP+OPhYCc3dvaa9oWU6X/qpUBLfJw=="],

    "@module-federation/webpack-bundler-runtime": ["@module-federation/webpack-bundler-runtime@0.21.4", "", { "dependencies": { "@module-federation/runtime": "0.21.4", "@module-federation/sdk": "0.21.4" } }, "sha512-dusmR3uPnQh9u9ChQo3M+GLOuGFthfvnh7WitF/a1eoeTfRmXqnMFsXtZCUK+f/uXf+64874Zj/bhAgbBcVHZA=="],

    "@napi-rs/wasm-runtime": ["@napi-rs/wasm-runtime@1.0.7", "", { "dependencies": { "@emnapi/core": "^1.5.0", "@emnapi/runtime": "^1.5.0", "@tybys/wasm-util": "^0.10.1" } }, "sha512-SeDnOO0Tk7Okiq6DbXmmBODgOAb9dp9gjlphokTUxmt8U3liIP1ZsozBahH69j/RJv+Rfs6IwUKHTgQYJ/HBAw=="],

    "@rsbuild/core": ["@rsbuild/core@1.6.11", "", { "dependencies": { "@rspack/core": "1.6.5", "@rspack/lite-tapable": "~1.1.0", "@swc/helpers": "^0.5.17", "core-js": "~3.47.0", "jiti": "^2.6.1" }, "bin": { "rsbuild": "bin/rsbuild.js" } }, "sha512-H/OAavDKfa/10prrn++bNbe2KGBo1opglQIq6+G38Mzb+44BM0sv/kn78K2sk2wpfmv4MwljeF1NvczFq2ttzQ=="],

    "@rsbuild/plugin-react": ["@rsbuild/plugin-react@1.4.2", "", { "dependencies": { "@rspack/plugin-react-refresh": "^1.5.2", "react-refresh": "^0.18.0" }, "peerDependencies": { "@rsbuild/core": "1.x" } }, "sha512-2rJb5mOuqVof2aDq4SbB1E65+0n1vjhAADipC88jvZRNuTOulg79fh7R4tsCiBMI4VWq46gSpwekiK8G5bq6jg=="],

    "@rspack/binding": ["@rspack/binding@1.6.5", "", { "optionalDependencies": { "@rspack/binding-darwin-arm64": "1.6.5", "@rspack/binding-darwin-x64": "1.6.5", "@rspack/binding-linux-arm64-gnu": "1.6.5", "@rspack/binding-linux-arm64-musl": "1.6.5", "@rspack/binding-linux-x64-gnu": "1.6.5", "@rspack/binding-linux-x64-musl": "1.6.5", "@rspack/binding-wasm32-wasi": "1.6.5", "@rspack/binding-win32-arm64-msvc": "1.6.5", "@rspack/binding-win32-ia32-msvc": "1.6.5", "@rspack/binding-win32-x64-msvc": "1.6.5" } }, "sha512-FzYsr5vdjaVQIlDTxZFlISOQGxl/4grpF2BeiNy60Fpw9eeADeXk55DVacbXPqpiz7Doj6cyhEyMszQOvihrqQ=="],

    "@rspack/binding-darwin-arm64": ["@rspack/binding-darwin-arm64@1.6.5", "", { "os": "darwin", "cpu": "arm64" }, "sha512-DaAJTlaenqZIqFqIYcitn0SzjJ7WpC9234JpiSDZdRyXii9qJJiToVwxSPY/CmkrP0201+aC4pzN4tI9T0Ummw=="],

    "@rspack/binding-darwin-x64": ["@rspack/binding-darwin-x64@1.6.5", "", { "os": "darwin", "cpu": "x64" }, "sha512-fPVfp7W/GMbHayb5hbefiMI30JxlsqPexOItHGtufHmTCrNne1aHmApspyUZIUUxG36oDRHuGPnfh+IQbHR6+g=="],

    "@rspack/binding-linux-arm64-gnu": ["@rspack/binding-linux-arm64-gnu@1.6.5", "", { "os": "linux", "cpu": "arm64" }, "sha512-K68YDoV2e4s+nlrKZxgF0HehiiRwOAGgZFUwJNRMZ7MUrTGMNlPTJlM+bNdaCjDb6GFxBVFcNwIa1sU+0tF1zg=="],

    "@rspack/binding-linux-arm64-musl": ["@rspack/binding-linux-arm64-musl@1.6.5", "", { "os": "linux", "cpu": "arm64" }, "sha512-JPtxFBOq7RRmBIwpdGIStf8iyCILehDsjQtEB0Kkhtm7TsAkVGwtC41GLcNuPxcQBKqNDmD8cy3yLYhXadH2CQ=="],

    "@rspack/binding-linux-x64-gnu": ["@rspack/binding-linux-x64-gnu@1.6.5", "", { "os": "linux", "cpu": "x64" }, "sha512-oh4ZNo2HtizZ/E6UK3BEONu20h8VVBw9GAXuWmo1u22cJSihzg+WfRNCMjRDil82LqSsyAgBwnU+dEjEYGKyAA=="],

    "@rspack/binding-linux-x64-musl": ["@rspack/binding-linux-x64-musl@1.6.5", "", { "os": "linux", "cpu": "x64" }, "sha512-8Xebp5bvPJqjifpkFEAX5nUvoU2JvbMU3gwAkEovRRuvooCXnVT2tqkUBjkR3AhivAGgAxAr9hRzUUz/6QWt3Q=="],

    "@rspack/binding-wasm32-wasi": ["@rspack/binding-wasm32-wasi@1.6.5", "", { "dependencies": { "@napi-rs/wasm-runtime": "1.0.7" }, "cpu": "none" }, "sha512-oINZNqzTxM+9dSUOjAORodHXYoJYzXvpaHI2U6ecEmoWaBCs+x3V3Po8DhpNFBwotB+jGlcoVhEHjpg5uaO6pw=="],

    "@rspack/binding-win32-arm64-msvc": ["@rspack/binding-win32-arm64-msvc@1.6.5", "", { "os": "win32", "cpu": "arm64" }, "sha512-UUmep2ayuZxWPdrzkrzAFxVgYUWTB82pa9bkAGyeDO9SNkz8vTpdtbDaTvAzjFb8Pn+ErktDEDBKT57FLjxwxQ=="],

    "@rspack/binding-win32-ia32-msvc": ["@rspack/binding-win32-ia32-msvc@1.6.5", "", { "os": "win32", "cpu": "ia32" }, "sha512-7nx+mMimpmCMstcW7nsyToXy5TK7N+YGPu2W/oioX7qv9ZCuJGTddjzLS84wN8DVrNIirg4mcxpBsmOQMZeHQA=="],

    "@rspack/binding-win32-x64-msvc": ["@rspack/binding-win32-x64-msvc@1.6.5", "", { "os": "win32", "cpu": "x64" }, "sha512-pzO7rYFu6f6stgSccolZHiXGTTwKrIGHHNV1ALY1xPRmQEdbHcbMwadeaG99JL2lRLve9iNI+Z9Pr3oDVRN46g=="],

    "@rspack/core": ["@rspack/core@1.6.5", "", { "dependencies": { "@module-federation/runtime-tools": "0.21.4", "@rspack/binding": "1.6.5", "@rspack/lite-tapable": "1.1.0" }, "peerDependencies": { "@swc/helpers": ">=0.5.1" }, "optionalPeers": ["@swc/helpers"] }, "sha512-AqaOMA6MTNhqMYYwrhvPA+2uS662SkAi8Rb7B/IFOzh/Z5ooyczL4lUX+qyhAO3ymn50iwM4jikQCf9XfBiaQA=="],

    "@rspack/lite-tapable": ["@rspack/lite-tapable@1.1.0", "", {}, "sha512-E2B0JhYFmVAwdDiG14+DW0Di4Ze4Jg10Pc4/lILUrd5DRCaklduz2OvJ5HYQ6G+hd+WTzqQb3QnDNfK4yvAFYw=="],

    "@rspack/plugin-react-refresh": ["@rspack/plugin-react-refresh@1.5.3", "", { "dependencies": { "error-stack-parser": "^2.1.4", "html-entities": "^2.6.0" }, "peerDependencies": { "react-refresh": ">=0.10.0 <1.0.0", "webpack-hot-middleware": "2.x" }, "optionalPeers": ["webpack-hot-middleware"] }, "sha512-VOnQMf3YOHkTqJ0+BJbrYga4tQAWNwoAnkgwRauXB4HOyCc5wLfBs9DcOFla/2usnRT3Sq6CMVhXmdPobwAoTA=="],

    "@swc/helpers": ["@swc/helpers@0.5.17", "", { "dependencies": { "tslib": "^2.8.0" } }, "sha512-5IKx/Y13RsYd+sauPb2x+U/xZikHjolzfuDgTAl/Tdf3Q8rslRvC19NKDLgAJQ6wsqADk10ntlv08nPFw/gO/A=="],

    "@tybys/wasm-util": ["@tybys/wasm-util@0.10.1", "", { "dependencies": { "tslib": "^2.4.0" } }, "sha512-9tTaPJLSiejZKx+Bmog4uSubteqTvFrVrURwkmHixBo0G4seD0zUxp98E1DzUBJxLQ3NPwXrGKDiVjwx/DpPsg=="],

    "@types/node": ["@types/node@24.10.1", "", { "dependencies": { "undici-types": "~7.16.0" } }, "sha512-GNWcUTRBgIRJD5zj+Tq0fKOJ5XZajIiBroOF0yvj2bSU1WvNdYS/dn9UxwsujGW4JX06dnHyjV2y9rRaybH0iQ=="],

    "@types/react": ["@types/react@19.2.7", "", { "dependencies": { "csstype": "^3.2.2" } }, "sha512-MWtvHrGZLFttgeEj28VXHxpmwYbor/ATPYbBfSFZEIRK0ecCFLl2Qo55z52Hss+UV9CRN7trSeq1zbgx7YDWWg=="],

    "@types/react-dom": ["@types/react-dom@19.2.3", "", { "peerDependencies": { "@types/react": "^19.2.0" } }, "sha512-jp2L/eY6fn+KgVVQAOqYItbF0VY/YApe5Mz2F0aykSO8gx31bYCZyvSeYxCHKvzHG5eZjc+zyaS5BrBWya2+kQ=="],

    "core-js": ["core-js@3.47.0", "", {}, "sha512-c3Q2VVkGAUyupsjRnaNX6u8Dq2vAdzm9iuPj5FW0fRxzlxgq9Q39MDq10IvmQSpLgHQNyQzQmOo6bgGHmH3NNg=="],

    "csstype": ["csstype@3.2.3", "", {}, "sha512-z1HGKcYy2xA8AGQfwrn0PAy+PB7X/GSj3UVJW9qKyn43xWa+gl5nXmU4qqLMRzWVLFC8KusUX8T/0kCiOYpAIQ=="],

    "debug": ["debug@4.4.3", "", { "dependencies": { "ms": "^2.1.3" } }, "sha512-RGwwWnwQvkVfavKVt22FGLw+xYSdzARwm0ru6DhTVA3umU5hZc28V3kO4stgYryrTlLpuvgI9GiijltAjNbcqA=="],

    "error-stack-parser": ["error-stack-parser@2.1.4", "", { "dependencies": { "stackframe": "^1.3.4" } }, "sha512-Sk5V6wVazPhq5MhpO+AUxJn5x7XSXGl1R93Vn7i+zS15KDVxQijejNCrz8340/2bgLBjR9GtEG8ZVKONDjcqGQ=="],

    "html-entities": ["html-entities@2.6.0", "", {}, "sha512-kig+rMn/QOVRvr7c86gQ8lWXq+Hkv6CbAH1hLu+RG338StTpE8Z0b44SDVaqVu7HGKf27frdmUYEs9hTUX/cLQ=="],

    "jiti": ["jiti@2.6.1", "", { "bin": { "jiti": "lib/jiti-cli.mjs" } }, "sha512-ekilCSN1jwRvIbgeg/57YFh8qQDNbwDb9xT/qu2DAHbFFZUicIl4ygVaAvzveMhMVr3LnpSKTNnwt8PoOfmKhQ=="],

    "js-tokens": ["js-tokens@4.0.0", "", {}, "sha512-RdJUflcE3cUzKiMqQgsCu06FPu9UdIJO0beYbPhHN4k6apgJtifcoCtT9bcxOpYBtpD2kCM6Sbzg4CausW/PKQ=="],

    "jsesc": ["jsesc@3.1.0", "", { "bin": { "jsesc": "bin/jsesc" } }, "sha512-/sM3dO2FOzXjKQhJuo0Q173wf2KOo8t4I8vHy6lF9poUp7bKT0/NHE8fPX23PwfhnykfqnC2xRxOnVw5XuGIaA=="],

    "ms": ["ms@2.1.3", "", {}, "sha512-6FlzubTLZG3J2a/NVCAleEhjzq5oxgHyaCU9yYXvcLsvoVaHJq/s5xXI6/XXP6tz7R9xAOtHnSO/tXtF3WRTlA=="],

    "picocolors": ["picocolors@1.1.1", "", {}, "sha512-xceH2snhtb5M9liqDsmEw56le376mTZkEX/jEb/RxNFyegNul7eNslCXP9FDj/Lcu0X8KEyMceP2ntpaHrDEVA=="],

    "prettier": ["prettier@3.7.3", "", { "bin": { "prettier": "bin/prettier.cjs" } }, "sha512-QgODejq9K3OzoBbuyobZlUhznP5SKwPqp+6Q6xw6o8gnhr4O85L2U915iM2IDcfF2NPXVaM9zlo9tdwipnYwzg=="],

    "prettier-plugin-tailwindcss": ["prettier-plugin-tailwindcss@0.7.1", "", { "peerDependencies": { "@ianvs/prettier-plugin-sort-imports": "*", "@prettier/plugin-hermes": "*", "@prettier/plugin-oxc": "*", "@prettier/plugin-pug": "*", "@shopify/prettier-plugin-liquid": "*", "@trivago/prettier-plugin-sort-imports": "*", "@zackad/prettier-plugin-twig": "*", "prettier": "^3.0", "prettier-plugin-astro": "*", "prettier-plugin-css-order": "*", "prettier-plugin-jsdoc": "*", "prettier-plugin-marko": "*", "prettier-plugin-multiline-arrays": "*", "prettier-plugin-organize-attributes": "*", "prettier-plugin-organize-imports": "*", "prettier-plugin-sort-imports": "*", "prettier-plugin-svelte": "*" }, "optionalPeers": ["@ianvs/prettier-plugin-sort-imports", "@prettier/plugin-hermes", "@prettier/plugin-oxc", "@prettier/plugin-pug", "@shopify/prettier-plugin-liquid", "@trivago/prettier-plugin-sort-imports", "@zackad/prettier-plugin-twig", "prettier-plugin-astro", "prettier-plugin-css-order", "prettier-plugin-jsdoc", "prettier-plugin-marko", "prettier-plugin-multiline-arrays", "prettier-plugin-organize-attributes", "prettier-plugin-organize-imports", "prettier-plugin-sort-imports", "prettier-plugin-svelte"] }, "sha512-Bzv1LZcuiR1Sk02iJTS1QzlFNp/o5l2p3xkopwOrbPmtMeh3fK9rVW5M3neBQzHq+kGKj/4LGQMTNcTH4NGPtQ=="],

    "react": ["react@19.2.0", "", {}, "sha512-tmbWg6W31tQLeB5cdIBOicJDJRR2KzXsV7uSK9iNfLWQ5bIZfxuPEHp7M8wiHyHnn0DD1i7w3Zmin0FtkrwoCQ=="],

    "react-dom": ["react-dom@19.2.0", "", { "dependencies": { "scheduler": "^0.27.0" }, "peerDependencies": { "react": "^19.2.0" } }, "sha512-UlbRu4cAiGaIewkPyiRGJk0imDN2T3JjieT6spoL2UeSf5od4n5LB/mQ4ejmxhCFT1tYe8IvaFulzynWovsEFQ=="],

    "react-refresh": ["react-refresh@0.18.0", "", {}, "sha512-QgT5//D3jfjJb6Gsjxv0Slpj23ip+HtOpnNgnb2S5zU3CB26G/IDPGoy4RJB42wzFE46DRsstbW6tKHoKbhAxw=="],

    "scheduler": ["scheduler@0.27.0", "", {}, "sha512-eNv+WrVbKu1f3vbYJT/xtiF5syA5HPIMtf9IgY/nKg0sWqzAUEvqY/xm7OcZc/qafLx/iO9FgOmeSAp4v5ti/Q=="],

    "semver": ["semver@7.7.3", "", { "bin": { "semver": "bin/semver.js" } }, "sha512-SdsKMrI9TdgjdweUSR9MweHA4EJ8YxHn8DFaDisvhVlUOe4BF1tLD7GAj0lIqWVl+dPb/rExr0Btby5loQm20Q=="],

    "stackframe": ["stackframe@1.3.4", "", {}, "sha512-oeVtt7eWQS+Na6F//S4kJ2K2VbRlS9D43mAlMyVpVWovy9o+jfgH8O9agzANzaiLjclA0oYzUXEM4PurhSUChw=="],

    "tslib": ["tslib@2.8.1", "", {}, "sha512-oJFu94HQb+KVduSUQL7wnpmqnfmLsOA/nAh6b6EH0wCEoK0/mPeXU6c3wKDV83MkOuHPRHtSXKKU99IBazS/2w=="],

    "typescript": ["typescript@5.9.3", "", { "bin": { "tsc": "bin/tsc", "tsserver": "bin/tsserver" } }, "sha512-jl1vZzPDinLr9eUt3J/t7V6FgNEw9QjvBPdysz9KfQDD41fQrC2Y4vKQdiaUpFT4bXlb1RHhLpp8wtm6M5TgSw=="],

    "undici-types": ["undici-types@7.16.0", "", {}, "sha512-Zz+aZWSj8LE6zoxD+xrjh4VfkIG8Ya6LvYkZqtUQGJPZjYl53ypCaUwWqo7eI0x66KBGeRo+mlBEkMSeSZ38Nw=="],
  }
}
